
Microsoft Visual Studio Solution File, Format Version 12.00
# Visual Studio Version 16
VisualStudioVersion = 16.0.30503.244
MinimumVisualStudioVersion = 10.0.40219.1
Project("{FAE04EC0-301F-11D3-BF4B-00C04F79EFBC}") = "LinearSearch", "LinearSearch\LinearSearch.csproj", "{C13032ED-50CA-409B-B704-75D45C1FBE86}"
EndProject
Project("{FAE04EC0-301F-11D3-BF4B-00C04F79EFBC}") = "BinarySearch", "BinarySearch\BinarySearch.csproj", "{DFE733D5-0FBE-4AF6-9A72-3FB89BB3C017}"
EndProject
Project("{FAE04EC0-301F-11D3-BF4B-00C04F79EFBC}") = "InterpolationSearch", "InterpolationSearch\InterpolationSearch.csproj", "{BD4FB40F-0283-4799-B2F2-C685CEC73A97}"
EndProject
Global
	GlobalSection(SolutionConfigurationPlatforms) = preSolution
		Debug|Any CPU = Debug|Any CPU
		Release|Any CPU = Release|Any CPU
	EndGlobalSection
	GlobalSection(ProjectConfigurationPlatforms) = postSolution
		{C13032ED-50CA-409B-B704-75D45C1FBE86}.Debug|Any CPU.ActiveCfg = Debug|Any CPU
		{C13032ED-50CA-409B-B704-75D45C1FBE86}.Debug|Any CPU.Build.0 = Debug|Any CPU
		{C13032ED-50CA-409B-B704-75D45C1FBE86}.Release|Any CPU.ActiveCfg = Release|Any CPU
		{C13032ED-50CA-409B-B704-75D45C1FBE86}.Release|Any CPU.Build.0 = Release|Any CPU
		{DFE733D5-0FBE-4AF6-9A72-3FB89BB3C017}.Debug|Any CPU.ActiveCfg = Debug|Any CPU
		{DFE733D5-0FBE-4AF6-9A72-3FB89BB3C017}.Debug|Any CPU.Build.0 = Debug|Any CPU
		{DFE733D5-0FBE-4AF6-9A72-3FB89BB3C017}.Release|Any CPU.ActiveCfg = Release|Any CPU
		{DFE733D5-0FBE-4AF6-9A72-3FB89BB3C017}.Release|Any CPU.Build.0 = Release|Any CPU
		{BD4FB40F-0283-4799-B2F2-C685CEC73A97}.Debug|Any CPU.ActiveCfg = Debug|Any CPU
		{BD4FB40F-0283-4799-B2F2-C685CEC73A97}.Debug|Any CPU.Build.0 = Debug|Any CPU
		{BD4FB40F-0283-4799-B2F2-C685CEC73A97}.Release|Any CPU.ActiveCfg = Release|Any CPU
		{BD4FB40F-0283-4799-B2F2-C685CEC73A97}.Release|Any CPU.Build.0 = Release|Any CPU
	EndGlobalSection
	GlobalSection(SolutionProperties) = preSolution
		HideSolutionNode = FALSE
	EndGlobalSection
	GlobalSection(ExtensibilityGlobals) = postSolution
		SolutionGuid = {CD3218BF-77BA-46D8-B04F-F4011DB4C019}
	EndGlobalSection
EndGlobal
